
Microsoft Visual Studio Solution File, Format Version 12.00
# Visual Studio 2012
Project("{FAE04EC0-301F-11D3-BF4B-00C04F79EFBC}") = "Fig15-7", "Fig15-7\Fig15-7.csproj", "{4793826C-3FB9-49C6-84E3-9A546F62CC7E}"
EndProject
Project("{FAE04EC0-301F-11D3-BF4B-00C04F79EFBC}") = "Fig15-7b", "Fig15-7b\Fig15-7b.csproj", "{AC30ACA4-17DF-4F37-BDE6-336A5C35AE0E}"
EndProject
Project("{FAE04EC0-301F-11D3-BF4B-00C04F79EFBC}") = "Fig15-11", "Fig15-11\Fig15-11.csproj", "{E92AD4AB-B5EE-4363-A303-6091D89E5B32}"
EndProject
Project("{FAE04EC0-301F-11D3-BF4B-00C04F79EFBC}") = "MaxMinAvg", "MaxMinAvg\MaxMinAvg.csproj", "{EF80972D-9AF3-4E1B-A9C6-47E727AE53B6}"
EndProject
Global
	GlobalSection(SolutionConfigurationPlatforms) = preSolution
		Debug|Any CPU = Debug|Any CPU
		Release|Any CPU = Release|Any CPU
	EndGlobalSection
	GlobalSection(ProjectConfigurationPlatforms) = postSolution
		{4793826C-3FB9-49C6-84E3-9A546F62CC7E}.Debug|Any CPU.ActiveCfg = Debug|Any CPU
		{4793826C-3FB9-49C6-84E3-9A546F62CC7E}.Debug|Any CPU.Build.0 = Debug|Any CPU
		{4793826C-3FB9-49C6-84E3-9A546F62CC7E}.Release|Any CPU.ActiveCfg = Release|Any CPU
		{4793826C-3FB9-49C6-84E3-9A546F62CC7E}.Release|Any CPU.Build.0 = Release|Any CPU
		{AC30ACA4-17DF-4F37-BDE6-336A5C35AE0E}.Debug|Any CPU.ActiveCfg = Debug|Any CPU
		{AC30ACA4-17DF-4F37-BDE6-336A5C35AE0E}.Debug|Any CPU.Build.0 = Debug|Any CPU
		{AC30ACA4-17DF-4F37-BDE6-336A5C35AE0E}.Release|Any CPU.ActiveCfg = Release|Any CPU
		{AC30ACA4-17DF-4F37-BDE6-336A5C35AE0E}.Release|Any CPU.Build.0 = Release|Any CPU
		{E92AD4AB-B5EE-4363-A303-6091D89E5B32}.Debug|Any CPU.ActiveCfg = Debug|Any CPU
		{E92AD4AB-B5EE-4363-A303-6091D89E5B32}.Debug|Any CPU.Build.0 = Debug|Any CPU
		{E92AD4AB-B5EE-4363-A303-6091D89E5B32}.Release|Any CPU.ActiveCfg = Release|Any CPU
		{E92AD4AB-B5EE-4363-A303-6091D89E5B32}.Release|Any CPU.Build.0 = Release|Any CPU
		{EF80972D-9AF3-4E1B-A9C6-47E727AE53B6}.Debug|Any CPU.ActiveCfg = Debug|Any CPU
		{EF80972D-9AF3-4E1B-A9C6-47E727AE53B6}.Debug|Any CPU.Build.0 = Debug|Any CPU
		{EF80972D-9AF3-4E1B-A9C6-47E727AE53B6}.Release|Any CPU.ActiveCfg = Release|Any CPU
		{EF80972D-9AF3-4E1B-A9C6-47E727AE53B6}.Release|Any CPU.Build.0 = Release|Any CPU
	EndGlobalSection
	GlobalSection(SolutionProperties) = preSolution
		HideSolutionNode = FALSE
	EndGlobalSection
EndGlobal
