
Microsoft Visual Studio Solution File, Format Version 12.00
# Visual Studio 2012
Project("{FAE04EC0-301F-11D3-BF4B-00C04F79EFBC}") = "Fig14-1", "Fig14-1\Fig14-1.csproj", "{D7FC28F2-34E9-42DE-80AE-E324E0CCB63D}"
EndProject
Project("{FAE04EC0-301F-11D3-BF4B-00C04F79EFBC}") = "Fig14-3", "Fig14-3\Fig14-3.csproj", "{38D7594C-04FD-4090-96D7-018B3AC3A792}"
EndProject
Project("{FAE04EC0-301F-11D3-BF4B-00C04F79EFBC}") = "Fig14-7", "Fig14-7\Fig14-7.csproj", "{F087DFD8-A880-4CE3-AF49-9018CBE074B6}"
EndProject
Project("{FAE04EC0-301F-11D3-BF4B-00C04F79EFBC}") = "Fig14-11", "Fig14-11\Fig14-11.csproj", "{208C9F46-2FF9-4BB0-81C9-1600FAB6E8B5}"
EndProject
Project("{FAE04EC0-301F-11D3-BF4B-00C04F79EFBC}") = "Fig14-14", "Fig14-14\Fig14-14.csproj", "{0CED6199-1A6F-4EEF-A973-8942B9CFDAB0}"
EndProject
Global
	GlobalSection(SolutionConfigurationPlatforms) = preSolution
		Debug|Any CPU = Debug|Any CPU
		Release|Any CPU = Release|Any CPU
	EndGlobalSection
	GlobalSection(ProjectConfigurationPlatforms) = postSolution
		{D7FC28F2-34E9-42DE-80AE-E324E0CCB63D}.Debug|Any CPU.ActiveCfg = Debug|Any CPU
		{D7FC28F2-34E9-42DE-80AE-E324E0CCB63D}.Debug|Any CPU.Build.0 = Debug|Any CPU
		{D7FC28F2-34E9-42DE-80AE-E324E0CCB63D}.Release|Any CPU.ActiveCfg = Release|Any CPU
		{D7FC28F2-34E9-42DE-80AE-E324E0CCB63D}.Release|Any CPU.Build.0 = Release|Any CPU
		{38D7594C-04FD-4090-96D7-018B3AC3A792}.Debug|Any CPU.ActiveCfg = Debug|Any CPU
		{38D7594C-04FD-4090-96D7-018B3AC3A792}.Debug|Any CPU.Build.0 = Debug|Any CPU
		{38D7594C-04FD-4090-96D7-018B3AC3A792}.Release|Any CPU.ActiveCfg = Release|Any CPU
		{38D7594C-04FD-4090-96D7-018B3AC3A792}.Release|Any CPU.Build.0 = Release|Any CPU
		{F087DFD8-A880-4CE3-AF49-9018CBE074B6}.Debug|Any CPU.ActiveCfg = Debug|Any CPU
		{F087DFD8-A880-4CE3-AF49-9018CBE074B6}.Debug|Any CPU.Build.0 = Debug|Any CPU
		{F087DFD8-A880-4CE3-AF49-9018CBE074B6}.Release|Any CPU.ActiveCfg = Release|Any CPU
		{F087DFD8-A880-4CE3-AF49-9018CBE074B6}.Release|Any CPU.Build.0 = Release|Any CPU
		{208C9F46-2FF9-4BB0-81C9-1600FAB6E8B5}.Debug|Any CPU.ActiveCfg = Debug|Any CPU
		{208C9F46-2FF9-4BB0-81C9-1600FAB6E8B5}.Debug|Any CPU.Build.0 = Debug|Any CPU
		{208C9F46-2FF9-4BB0-81C9-1600FAB6E8B5}.Release|Any CPU.ActiveCfg = Release|Any CPU
		{208C9F46-2FF9-4BB0-81C9-1600FAB6E8B5}.Release|Any CPU.Build.0 = Release|Any CPU
		{0CED6199-1A6F-4EEF-A973-8942B9CFDAB0}.Debug|Any CPU.ActiveCfg = Debug|Any CPU
		{0CED6199-1A6F-4EEF-A973-8942B9CFDAB0}.Debug|Any CPU.Build.0 = Debug|Any CPU
		{0CED6199-1A6F-4EEF-A973-8942B9CFDAB0}.Release|Any CPU.ActiveCfg = Release|Any CPU
		{0CED6199-1A6F-4EEF-A973-8942B9CFDAB0}.Release|Any CPU.Build.0 = Release|Any CPU
	EndGlobalSection
	GlobalSection(SolutionProperties) = preSolution
		HideSolutionNode = FALSE
	EndGlobalSection
EndGlobal
